
Microsoft Visual Studio Solution File, Format Version 12.00
# Visual Studio 2013
VisualStudioVersion = 12.0.31101.0
MinimumVisualStudioVersion = 10.0.40219.1
Project("{FAE04EC0-301F-11D3-BF4B-00C04F79EFBC}") = "CheckExtention", "CheckExtention\CheckExtention.csproj", "{0D6B39B9-9A16-4C0C-AF6E-6CA8B72B445C}"
EndProject
Project("{FAE04EC0-301F-11D3-BF4B-00C04F79EFBC}") = "CheckExtention.Console", "CheckExtention.Console\CheckExtention.Console.csproj", "{3549DE5F-9AFD-4D42-AB98-F9ED679AFB49}"
EndProject
Project("{FAE04EC0-301F-11D3-BF4B-00C04F79EFBC}") = "CheckExtention.Test", "CheckExtention.Test\CheckExtention.Test.csproj", "{B2A6EEB3-5F71-4C2C-93AF-98A9255A3E20}"
EndProject
Global
	GlobalSection(SolutionConfigurationPlatforms) = preSolution
		Debug|Any CPU = Debug|Any CPU
		Release|Any CPU = Release|Any CPU
	EndGlobalSection
	GlobalSection(ProjectConfigurationPlatforms) = postSolution
		{0D6B39B9-9A16-4C0C-AF6E-6CA8B72B445C}.Debug|Any CPU.ActiveCfg = Debug|Any CPU
		{0D6B39B9-9A16-4C0C-AF6E-6CA8B72B445C}.Debug|Any CPU.Build.0 = Debug|Any CPU
		{0D6B39B9-9A16-4C0C-AF6E-6CA8B72B445C}.Release|Any CPU.ActiveCfg = Release|Any CPU
		{0D6B39B9-9A16-4C0C-AF6E-6CA8B72B445C}.Release|Any CPU.Build.0 = Release|Any CPU
		{3549DE5F-9AFD-4D42-AB98-F9ED679AFB49}.Debug|Any CPU.ActiveCfg = Debug|Any CPU
		{3549DE5F-9AFD-4D42-AB98-F9ED679AFB49}.Debug|Any CPU.Build.0 = Debug|Any CPU
		{3549DE5F-9AFD-4D42-AB98-F9ED679AFB49}.Release|Any CPU.ActiveCfg = Release|Any CPU
		{3549DE5F-9AFD-4D42-AB98-F9ED679AFB49}.Release|Any CPU.Build.0 = Release|Any CPU
		{B2A6EEB3-5F71-4C2C-93AF-98A9255A3E20}.Debug|Any CPU.ActiveCfg = Debug|Any CPU
		{B2A6EEB3-5F71-4C2C-93AF-98A9255A3E20}.Debug|Any CPU.Build.0 = Debug|Any CPU
		{B2A6EEB3-5F71-4C2C-93AF-98A9255A3E20}.Release|Any CPU.ActiveCfg = Release|Any CPU
		{B2A6EEB3-5F71-4C2C-93AF-98A9255A3E20}.Release|Any CPU.Build.0 = Release|Any CPU
	EndGlobalSection
	GlobalSection(SolutionProperties) = preSolution
		HideSolutionNode = FALSE
	EndGlobalSection
EndGlobal
